// !$*UTF8*$!
{
	archiveVersion = 1;
	classes = {
	};
	objectVersion = 50;
	objects = {

/* Begin PBXBuildFile section */
		39B161DB2717CAE00044EA1A /* AppDelegate.swift in Sources */ = {isa = PBXBuildFile; fileRef = 39B161DA2717CAE00044EA1A /* AppDelegate.swift */; };
		39B161DD2717CAE00044EA1A /* SceneDelegate.swift in Sources */ = {isa = PBXBuildFile; fileRef = 39B161DC2717CAE00044EA1A /* SceneDelegate.swift */; };
		39B161DF2717CAE00044EA1A /* ViewController.swift in Sources */ = {isa = PBXBuildFile; fileRef = 39B161DE2717CAE00044EA1A /* ViewController.swift */; };
		39B161E22717CAE00044EA1A /* Main.storyboard in Resources */ = {isa = PBXBuildFile; fileRef = 39B161E02717CAE00044EA1A /* Main.storyboard */; };
		39B161E42717CAE30044EA1A /* Assets.xcassets in Resources */ = {isa = PBXBuildFile; fileRef = 39B161E32717CAE30044EA1A /* Assets.xcassets */; };
		39B161E72717CAE30044EA1A /* LaunchScreen.storyboard in Resources */ = {isa = PBXBuildFile; fileRef = 39B161E52717CAE30044EA1A /* LaunchScreen.storyboard */; };
		53AB0A03C823D02B22018B49 /* Pods_GeocodingTest.framework in Frameworks */ = {isa = PBXBuildFile; fileRef = B39AE267387B15451B46E86F /* Pods_GeocodingTest.framework */; };
/* End PBXBuildFile section */

/* Begin PBXFileReference section */
		39B161D72717CAE00044EA1A /* GeocodingTest.app */ = {isa = PBXFileReference; explicitFileType = wrapper.application; includeInIndex = 0; path = GeocodingTest.app; sourceTree = BUILT_PRODUCTS_DIR; };
		39B161DA2717CAE00044EA1A /* AppDelegate.swift */ = {isa = PBXFileReference; lastKnownFileType = sourcecode.swift; path = AppDelegate.swift; sourceTree = "<group>"; };
		39B161DC2717CAE00044EA1A /* SceneDelegate.swift */ = {isa = PBXFileReference; lastKnownFileType = sourcecode.swift; path = SceneDelegate.swift; sourceTree = "<group>"; };
		39B161DE2717CAE00044EA1A /* ViewController.swift */ = {isa = PBXFileReference; lastKnownFileType = sourcecode.swift; path = ViewController.swift; sourceTree = "<group>"; };
		39B161E12717CAE00044EA1A /* Base */ = {isa = PBXFileReference; lastKnownFileType = file.storyboard; name = Base; path = Base.lproj/Main.storyboard; sourceTree = "<group>"; };
		39B161E32717CAE30044EA1A /* Assets.xcassets */ = {isa = PBXFileReference; lastKnownFileType = folder.assetcatalog; path = Assets.xcassets; sourceTree = "<group>"; };
		39B161E62717CAE30044EA1A /* Base */ = {isa = PBXFileReference; lastKnownFileType = file.storyboard; name = Base; path = Base.lproj/LaunchScreen.storyboard; sourceTree = "<group>"; };
		39B161E82717CAE30044EA1A /* Info.plist */ = {isa = PBXFileReference; lastKnownFileType = text.plist.xml; path = Info.plist; sourceTree = "<group>"; };
		3A1D93F4506E62570F302FD7 /* Pods-GeocodingTest.debug.xcconfig */ = {isa = PBXFileReference; includeInIndex = 1; lastKnownFileType = text.xcconfig; name = "Pods-GeocodingTest.debug.xcconfig"; path = "Target Support Files/Pods-GeocodingTest/Pods-GeocodingTest.debug.xcconfig"; sourceTree = "<group>"; };
		557C1831FE4C39B6780B7DA4 /* Pods-GeocodingTest.release.xcconfig */ = {isa = PBXFileReference; includeInIndex = 1; lastKnownFileType = text.xcconfig; name = "Pods-GeocodingTest.release.xcconfig"; path = "Target Support Files/Pods-GeocodingTest/Pods-GeocodingTest.release.xcconfig"; sourceTree = "<group>"; };
		B39AE267387B15451B46E86F /* Pods_GeocodingTest.framework */ = {isa = PBXFileReference; explicitFileType = wrapper.framework; includeInIndex = 0; path = Pods_GeocodingTest.framework; sourceTree = BUILT_PRODUCTS_DIR; };
/* End PBXFileReference section */

/* Begin PBXFrameworksBuildPhase section */
		39B161D42717CAE00044EA1A /* Frameworks */ = {
			isa = PBXFrameworksBuildPhase;
			buildActionMask = 2147483647;
			files = (
				53AB0A03C823D02B22018B49 /* Pods_GeocodingTest.framework in Frameworks */,
			);
			runOnlyForDeploymentPostprocessing = 0;
		};
/* End PBXFrameworksBuildPhase section */

/* Begin PBXGroup section */
		39B161CE2717CAE00044EA1A = {
			isa = PBXGroup;
			children = (
				39B161D92717CAE00044EA1A /* GeocodingTest */,
				39B161D82717CAE00044EA1A /* Products */,
				800A74836C4C9F22648DB3FF /* Pods */,
				FCE2D244688EC9C1E429F673 /* Frameworks */,
			);
			sourceTree = "<group>";
		};
		39B161D82717CAE00044EA1A /* Products */ = {
			isa = PBXGroup;
			children = (
				39B161D72717CAE00044EA1A /* GeocodingTest.app */,
			);
			name = Products;
			sourceTree = "<group>";
		};
		39B161D92717CAE00044EA1A /* GeocodingTest */ = {
			isa = PBXGroup;
			children = (
				39B161DA2717CAE00044EA1A /* AppDelegate.swift */,
				39B161DC2717CAE00044EA1A /* SceneDelegate.swift */,
				39B161DE2717CAE00044EA1A /* ViewController.swift */,
				39B161E02717CAE00044EA1A /* Main.storyboard */,
				39B161E32717CAE30044EA1A /* Assets.xcassets */,
				39B161E52717CAE30044EA1A /* LaunchScreen.storyboard */,
				39B161E82717CAE30044EA1A /* Info.plist */,
			);
			path = GeocodingTest;
			sourceTree = "<group>";
		};
		800A74836C4C9F22648DB3FF /* Pods */ = {
			isa = PBXGroup;
			children = (
				3A1D93F4506E62570F302FD7 /* Pods-GeocodingTest.debug.xcconfig */,
				557C1831FE4C39B6780B7DA4 /* Pods-GeocodingTest.release.xcconfig */,
			);
			name = Pods;
			path = Pods;
			sourceTree = "<group>";
		};
		FCE2D244688EC9C1E429F673 /* Frameworks */ = {
			isa = PBXGroup;
			children = (
				B39AE267387B15451B46E86F /* Pods_GeocodingTest.framework */,
			);
			name = Frameworks;
			sourceTree = "<group>";
		};
/* End PBXGroup section */

/* Begin PBXNativeTarget section */
		39B161D62717CAE00044EA1A /* GeocodingTest */ = {
			isa = PBXNativeTarget;
			buildConfigurationList = 39B161EB2717CAE30044EA1A /* Build configuration list for PBXNativeTarget "GeocodingTest" */;
			buildPhases = (
				8A5C899BA7D2D01E7A2B621A /* [CP] Check Pods Manifest.lock */,
				39B161D32717CAE00044EA1A /* Sources */,
				39B161D42717CAE00044EA1A /* Frameworks */,
				39B161D52717CAE00044EA1A /* Resources */,
				B93D70B18940FAC16967A50C /* [CP] Embed Pods Frameworks */,
			);
			buildRules = (
			);
			dependencies = (
			);
			name = GeocodingTest;
			productName = GeocodingTest;
			productReference = 39B161D72717CAE00044EA1A /* GeocodingTest.app */;
			productType = "com.apple.product-type.application";
		};
/* End PBXNativeTarget section */

/* Begin PBXProject section */
		39B161CF2717CAE00044EA1A /* Project object */ = {
			isa = PBXProject;
			attributes = {
				LastSwiftUpdateCheck = 1250;
				LastUpgradeCheck = 1250;
				TargetAttributes = {
					39B161D62717CAE00044EA1A = {
						CreatedOnToolsVersion = 12.5.1;
					};
				};
			};
			buildConfigurationList = 39B161D22717CAE00044EA1A /* Build configuration list for PBXProject "GeocodingTest" */;
			compatibilityVersion = "Xcode 9.3";
			developmentRegion = en;
			hasScannedForEncodings = 0;
			knownRegions = (
				en,
				Base,
			);
			mainGroup = 39B161CE2717CAE00044EA1A;
			productRefGroup = 39B161D82717CAE00044EA1A /* Products */;
			projectDirPath = "";
			projectRoot = "";
			targets = (
				39B161D62717CAE00044EA1A /* GeocodingTest */,
			);
		};
/* End PBXProject section */

/* Begin PBXResourcesBuildPhase section */
		39B161D52717CAE00044EA1A /* Resources */ = {
			isa = PBXResourcesBuildPhase;
			buildActionMask = 2147483647;
			files = (
				39B161E72717CAE30044EA1A /* LaunchScreen.storyboard in Resources */,
				39B161E42717CAE30044EA1A /* Assets.xcassets in Resources */,
				39B161E22717CAE00044EA1A /* Main.storyboard in Resources */,
			);
			runOnlyForDeploymentPostprocessing = 0;
		};
/* End PBXResourcesBuildPhase section */

/* Begin PBXShellScriptBuildPhase section */
		8A5C899BA7D2D01E7A2B621A /* [CP] Check Pods Manifest.lock */ = {
			isa = PBXShellScriptBuildPhase;
			buildActionMask = 2147483647;
			files = (
			);
			inputFileListPaths = (
			);
			inputPaths = (
				"${PODS_PODFILE_DIR_PATH}/Podfile.lock",
				"${PODS_ROOT}/Manifest.lock",
			);
			name = "[CP] Check Pods Manifest.lock";
			outputFileListPaths = (
			);
			outputPaths = (
				"$(DERIVED_FILE_DIR)/Pods-GeocodingTest-checkManifestLockResult.txt",
			);
			runOnlyForDeploymentPostprocessing = 0;
			shellPath = /bin/sh;
			shellScript = "diff \"${PODS_PODFILE_DIR_PATH}/Podfile.lock\" \"${PODS_ROOT}/Manifest.lock\" > /dev/null\nif [ $? != 0 ] ; then\n    # print error to STDERR\n    echo \"error: The sandbox is not in sync with the Podfile.lock. Run 'pod install' or update your CocoaPods installation.\" >&2\n    exit 1\nfi\n# This output is used by Xcode 'outputs' to avoid re-running this script phase.\necho \"SUCCESS\" > \"${SCRIPT_OUTPUT_FILE_0}\"\n";
			showEnvVarsInLog = 0;
		};
		B93D70B18940FAC16967A50C /* [CP] Embed Pods Frameworks */ = {
			isa = PBXShellScriptBuildPhase;
			buildActionMask = 2147483647;
			files = (
			);
			inputFileListPaths = (
				"${PODS_ROOT}/Target Support Files/Pods-GeocodingTest/Pods-GeocodingTest-frameworks-${CONFIGURATION}-input-files.xcfilelist",
			);
			name = "[CP] Embed Pods Frameworks";
			outputFileListPaths = (
				"${PODS_ROOT}/Target Support Files/Pods-GeocodingTest/Pods-GeocodingTest-frameworks-${CONFIGURATION}-output-files.xcfilelist",
			);
			runOnlyForDeploymentPostprocessing = 0;
			shellPath = /bin/sh;
			shellScript = "\"${PODS_ROOT}/Target Support Files/Pods-GeocodingTest/Pods-GeocodingTest-frameworks.sh\"\n";
			showEnvVarsInLog = 0;
		};
/* End PBXShellScriptBuildPhase section */

/* Begin PBXSourcesBuildPhase section */
		39B161D32717CAE00044EA1A /* Sources */ = {
			isa = PBXSourcesBuildPhase;
			buildActionMask = 2147483647;
			files = (
				39B161DF2717CAE00044EA1A /* ViewController.swift in Sources */,
				39B161DB2717CAE00044EA1A /* AppDelegate.swift in Sources */,
				39B161DD2717CAE00044EA1A /* SceneDelegate.swift in Sources */,
			);
			runOnlyForDeploymentPostprocessing = 0;
		};
/* End PBXSourcesBuildPhase section */

/* Begin PBXVariantGroup section */
		39B161E02717CAE00044EA1A /* Main.storyboard */ = {
			isa = PBXVariantGroup;
			children = (
				39B161E12717CAE00044EA1A /* Base */,
			);
			name = Main.storyboard;
			sourceTree = "<group>";
		};
		39B161E52717CAE30044EA1A /* LaunchScreen.storyboard */ = {
			isa = PBXVariantGroup;
			children = (
				39B161E62717CAE30044EA1A /* Base */,
			);
			name = LaunchScreen.storyboard;
			sourceTree = "<group>";
		};
/* End PBXVariantGroup section */

/* Begin XCBuildConfiguration section */
		39B161E92717CAE30044EA1A /* Debug */ = {
			isa = XCBuildConfiguration;
			buildSettings = {
				ALWAYS_SEARCH_USER_PATHS = NO;
				CLANG_ANALYZER_NONNULL = YES;
				CLANG_ANALYZER_NUMBER_OBJECT_CONVERSION = YES_AGGRESSIVE;
				CLANG_CXX_LANGUAGE_STANDARD = "gnu++14";
				CLANG_CXX_LIBRARY = "libc++";
				CLANG_ENABLE_MODULES = YES;
				CLANG_ENABLE_OBJC_ARC = YES;
				CLANG_ENABLE_OBJC_WEAK = YES;
				CLANG_WARN_BLOCK_CAPTURE_AUTORELEASING = YES;
				CLANG_WARN_BOOL_CONVERSION = YES;
				CLANG_WARN_COMMA = YES;
				CLANG_WARN_CONSTANT_CONVERSION = YES;
				CLANG_WARN_DEPRECATED_OBJC_IMPLEMENTATIONS = YES;
				CLANG_WARN_DIRECT_OBJC_ISA_USAGE = YES_ERROR;
				CLANG_WARN_DOCUMENTATION_COMMENTS = YES;
				CLANG_WARN_EMPTY_BODY = YES;
				CLANG_WARN_ENUM_CONVERSION = YES;
				CLANG_WARN_INFINITE_RECURSION = YES;
				CLANG_WARN_INT_CONVERSION = YES;
				CLANG_WARN_NON_LITERAL_NULL_CONVERSION = YES;
				CLANG_WARN_OBJC_IMPLICIT_RETAIN_SELF = YES;
				CLANG_WARN_OBJC_LITERAL_CONVERSION = YES;
				CLANG_WARN_OBJC_ROOT_CLASS = YES_ERROR;
				CLANG_WARN_QUOTED_INCLUDE_IN_FRAMEWORK_HEADER = YES;
				CLANG_WARN_RANGE_LOOP_ANALYSIS = YES;
				CLANG_WARN_STRICT_PROTOTYPES = YES;
				CLANG_WARN_SUSPICIOUS_MOVE = YES;
				CLANG_WARN_UNGUARDED_AVAILABILITY = YES_AGGRESSIVE;
				CLANG_WARN_UNREACHABLE_CODE = YES;
				CLANG_WARN__DUPLICATE_METHOD_MATCH = YES;
				COPY_PHASE_STRIP = NO;
				DEBUG_INFORMATION_FORMAT = dwarf;
				ENABLE_STRICT_OBJC_MSGSEND = YES;
				ENABLE_TESTABILITY = YES;
				GCC_C_LANGUAGE_STANDARD = gnu11;
				GCC_DYNAMIC_NO_PIC = NO;
				GCC_NO_COMMON_BLOCKS = YES;
				GCC_OPTIMIZATION_LEVEL = 0;
				GCC_PREPROCESSOR_DEFINITIONS = (
					"DEBUG=1",
					"$(inherited)",
				);
				GCC_WARN_64_TO_32_BIT_CONVERSION = YES;
				GCC_WARN_ABOUT_RETURN_TYPE = YES_ERROR;
				GCC_WARN_UNDECLARED_SELECTOR = YES;
				GCC_WARN_UNINITIALIZED_AUTOS = YES_AGGRESSIVE;
				GCC_WARN_UNUSED_FUNCTION = YES;
				GCC_WARN_UNUSED_VARIABLE = YES;
				IPHONEOS_DEPLOYMENT_TARGET = 14.5;
				MTL_ENABLE_DEBUG_INFO = INCLUDE_SOURCE;
				MTL_FAST_MATH = YES;
				ONLY_ACTIVE_ARCH = YES;
				SDKROOT = iphoneos;
				SWIFT_ACTIVE_COMPILATION_CONDITIONS = DEBUG;
				SWIFT_OPTIMIZATION_LEVEL = "-Onone";
			};
			name = Debug;
		};
		39B161EA2717CAE30044EA1A /* Release */ = {
			isa = XCBuildConfiguration;
			buildSettings = {
				ALWAYS_SEARCH_USER_PATHS = NO;
				CLANG_ANALYZER_NONNULL = YES;
				CLANG_ANALYZER_NUMBER_OBJECT_CONVERSION = YES_AGGRESSIVE;
				CLANG_CXX_LANGUAGE_STANDARD = "gnu++14";
				CLANG_CXX_LIBRARY = "libc++";
				CLANG_ENABLE_MODULES = YES;
				CLANG_ENABLE_OBJC_ARC = YES;
				CLANG_ENABLE_OBJC_WEAK = YES;
				CLANG_WARN_BLOCK_CAPTURE_AUTORELEASING = YES;
				CLANG_WARN_BOOL_CONVERSION = YES;
				CLANG_WARN_COMMA = YES;
				CLANG_WARN_CONSTANT_CONVERSION = YES;
				CLANG_WARN_DEPRECATED_OBJC_IMPLEMENTATIONS = YES;
				CLANG_WARN_DIRECT_OBJC_ISA_USAGE = YES_ERROR;
				CLANG_WARN_DOCUMENTATION_COMMENTS = YES;
				CLANG_WARN_EMPTY_BODY = YES;
				CLANG_WARN_ENUM_CONVERSION = YES;
				CLANG_WARN_INFINITE_RECURSION = YES;
				CLANG_WARN_INT_CONVERSION = YES;
				CLANG_WARN_NON_LITERAL_NULL_CONVERSION = YES;
				CLANG_WARN_OBJC_IMPLICIT_RETAIN_SELF = YES;
				CLANG_WARN_OBJC_LITERAL_CONVERSION = YES;
				CLANG_WARN_OBJC_ROOT_CLASS = YES_ERROR;
				CLANG_WARN_QUOTED_INCLUDE_IN_FRAMEWORK_HEADER = YES;
				CLANG_WARN_RANGE_LOOP_ANALYSIS = YES;
				CLANG_WARN_STRICT_PROTOTYPES = YES;
				CLANG_WARN_SUSPICIOUS_MOVE = YES;
				CLANG_WARN_UNGUARDED_AVAILABILITY = YES_AGGRESSIVE;
				CLANG_WARN_UNREACHABLE_CODE = YES;
				CLANG_WARN__DUPLICATE_METHOD_MATCH = YES;
				COPY_PHASE_STRIP = NO;
				DEBUG_INFORMATION_FORMAT = "dwarf-with-dsym";
				ENABLE_NS_ASSERTIONS = NO;
				ENABLE_STRICT_OBJC_MSGSEND = YES;
				GCC_C_LANGUAGE_STANDARD = gnu11;
				GCC_NO_COMMON_BLOCKS = YES;
				GCC_WARN_64_TO_32_BIT_CONVERSION = YES;
				GCC_WARN_ABOUT_RETURN_TYPE = YES_ERROR;
				GCC_WARN_UNDECLARED_SELECTOR = YES;
				GCC_WARN_UNINITIALIZED_AUTOS = YES_AGGRESSIVE;
				GCC_WARN_UNUSED_FUNCTION = YES;
				GCC_WARN_UNUSED_VARIABLE = YES;
				IPHONEOS_DEPLOYMENT_TARGET = 14.5;
				MTL_ENABLE_DEBUG_INFO = NO;
				MTL_FAST_MATH = YES;
				SDKROOT = iphoneos;
				SWIFT_COMPILATION_MODE = wholemodule;
				SWIFT_OPTIMIZATION_LEVEL = "-O";
				VALIDATE_PRODUCT = YES;
			};
			name = Release;
		};
		39B161EC2717CAE30044EA1A /* Debug */ = {
			isa = XCBuildConfiguration;
			baseConfigurationReference = 3A1D93F4506E62570F302FD7 /* Pods-GeocodingTest.debug.xcconfig */;
			buildSettings = {
				ASSETCATALOG_COMPILER_APPICON_NAME = AppIcon;
				ASSETCATALOG_COMPILER_GLOBAL_ACCENT_COLOR_NAME = AccentColor;
				CODE_SIGN_STYLE = Automatic;
				DEVELOPMENT_TEAM = 9BN45C9994;
				INFOPLIST_FILE = GeocodingTest/Info.plist;
				LD_RUNPATH_SEARCH_PATHS = (
					"$(inherited)",
					"@executable_path/Frameworks",
				);
				PRODUCT_BUNDLE_IDENTIFIER = kr.go.womansup.2021.chmk.GeocodingTest;
				PRODUCT_NAME = "$(TARGET_NAME)";
				SWIFT_VERSION = 5.0;
				TARGETED_DEVICE_FAMILY = "1,2";
			};
			name = Debug;
		};
		39B161ED2717CAE30044EA1A /* Release */ = {
			isa = XCBuildConfiguration;
			baseConfigurationReference = 557C1831FE4C39B6780B7DA4 /* Pods-GeocodingTest.release.xcconfig */;
			buildSettings = {
				ASSETCATALOG_COMPILER_APPICON_NAME = AppIcon;
				ASSETCATALOG_COMPILER_GLOBAL_ACCENT_COLOR_NAME = AccentColor;
				CODE_SIGN_STYLE = Automatic;
				DEVELOPMENT_TEAM = 9BN45C9994;
				INFOPLIST_FILE = GeocodingTest/Info.plist;
				LD_RUNPATH_SEARCH_PATHS = (
					"$(inherited)",
					"@executable_path/Frameworks",
				);
				PRODUCT_BUNDLE_IDENTIFIER = kr.go.womansup.2021.chmk.GeocodingTest;
				PRODUCT_NAME = "$(TARGET_NAME)";
				SWIFT_VERSION = 5.0;
				TARGETED_DEVICE_FAMILY = "1,2";
			};
			name = Release;
		};
/* End XCBuildConfiguration section */

/* Begin XCConfigurationList section */
		39B161D22717CAE00044EA1A /* Build configuration list for PBXProject "GeocodingTest" */ = {
			isa = XCConfigurationList;
			buildConfigurations = (
				39B161E92717CAE30044EA1A /* Debug */,
				39B161EA2717CAE30044EA1A /* Release */,
			);
			defaultConfigurationIsVisible = 0;
			defaultConfigurationName = Release;
		};
		39B161EB2717CAE30044EA1A /* Build configuration list for PBXNativeTarget "GeocodingTest" */ = {
			isa = XCConfigurationList;
			buildConfigurations = (
				39B161EC2717CAE30044EA1A /* Debug */,
				39B161ED2717CAE30044EA1A /* Release */,
			);
			defaultConfigurationIsVisible = 0;
			defaultConfigurationName = Release;
		};
/* End XCConfigurationList section */
	};
	rootObject = 39B161CF2717CAE00044EA1A /* Project object */;
}
