// !$*UTF8*$!
{
	archiveVersion = 1;
	classes = {
	};
	objectVersion = 51;
	objects = {

/* Begin PBXBuildFile section */
		3971AC1E271912E0006DBE05 /* AppDelegate.swift in Sources */ = {isa = PBXBuildFile; fileRef = 3971AC1D271912E0006DBE05 /* AppDelegate.swift */; };
		3971AC20271912E0006DBE05 /* SceneDelegate.swift in Sources */ = {isa = PBXBuildFile; fileRef = 3971AC1F271912E0006DBE05 /* SceneDelegate.swift */; };
		3971AC22271912E0006DBE05 /* ViewController.swift in Sources */ = {isa = PBXBuildFile; fileRef = 3971AC21271912E0006DBE05 /* ViewController.swift */; };
		3971AC25271912E0006DBE05 /* Main.storyboard in Resources */ = {isa = PBXBuildFile; fileRef = 3971AC23271912E0006DBE05 /* Main.storyboard */; };
		3971AC27271912E3006DBE05 /* Assets.xcassets in Resources */ = {isa = PBXBuildFile; fileRef = 3971AC26271912E3006DBE05 /* Assets.xcassets */; };
		3971AC2A271912E3006DBE05 /* LaunchScreen.storyboard in Resources */ = {isa = PBXBuildFile; fileRef = 3971AC28271912E3006DBE05 /* LaunchScreen.storyboard */; };
		A829B486210B157C069886E0 /* Pods_QRScannerTest.framework in Frameworks */ = {isa = PBXBuildFile; fileRef = 71C58533477259BC6E0552DD /* Pods_QRScannerTest.framework */; };
/* End PBXBuildFile section */

/* Begin PBXFileReference section */
		3971AC1A271912E0006DBE05 /* QRScannerTest.app */ = {isa = PBXFileReference; explicitFileType = wrapper.application; includeInIndex = 0; path = QRScannerTest.app; sourceTree = BUILT_PRODUCTS_DIR; };
		3971AC1D271912E0006DBE05 /* AppDelegate.swift */ = {isa = PBXFileReference; lastKnownFileType = sourcecode.swift; path = AppDelegate.swift; sourceTree = "<group>"; };
		3971AC1F271912E0006DBE05 /* SceneDelegate.swift */ = {isa = PBXFileReference; lastKnownFileType = sourcecode.swift; path = SceneDelegate.swift; sourceTree = "<group>"; };
		3971AC21271912E0006DBE05 /* ViewController.swift */ = {isa = PBXFileReference; lastKnownFileType = sourcecode.swift; path = ViewController.swift; sourceTree = "<group>"; };
		3971AC24271912E0006DBE05 /* Base */ = {isa = PBXFileReference; lastKnownFileType = file.storyboard; name = Base; path = Base.lproj/Main.storyboard; sourceTree = "<group>"; };
		3971AC26271912E3006DBE05 /* Assets.xcassets */ = {isa = PBXFileReference; lastKnownFileType = folder.assetcatalog; path = Assets.xcassets; sourceTree = "<group>"; };
		3971AC29271912E3006DBE05 /* Base */ = {isa = PBXFileReference; lastKnownFileType = file.storyboard; name = Base; path = Base.lproj/LaunchScreen.storyboard; sourceTree = "<group>"; };
		3971AC2B271912E3006DBE05 /* Info.plist */ = {isa = PBXFileReference; lastKnownFileType = text.plist.xml; path = Info.plist; sourceTree = "<group>"; };
		71C58533477259BC6E0552DD /* Pods_QRScannerTest.framework */ = {isa = PBXFileReference; explicitFileType = wrapper.framework; includeInIndex = 0; path = Pods_QRScannerTest.framework; sourceTree = BUILT_PRODUCTS_DIR; };
		A82E2C7F4FE212F14E0A8A32 /* Pods-QRScannerTest.release.xcconfig */ = {isa = PBXFileReference; includeInIndex = 1; lastKnownFileType = text.xcconfig; name = "Pods-QRScannerTest.release.xcconfig"; path = "Target Support Files/Pods-QRScannerTest/Pods-QRScannerTest.release.xcconfig"; sourceTree = "<group>"; };
		E1EF12EDEBE706D4A38163AB /* Pods-QRScannerTest.debug.xcconfig */ = {isa = PBXFileReference; includeInIndex = 1; lastKnownFileType = text.xcconfig; name = "Pods-QRScannerTest.debug.xcconfig"; path = "Target Support Files/Pods-QRScannerTest/Pods-QRScannerTest.debug.xcconfig"; sourceTree = "<group>"; };
/* End PBXFileReference section */

/* Begin PBXFrameworksBuildPhase section */
		3971AC17271912E0006DBE05 /* Frameworks */ = {
			isa = PBXFrameworksBuildPhase;
			buildActionMask = 2147483647;
			files = (
				A829B486210B157C069886E0 /* Pods_QRScannerTest.framework in Frameworks */,
			);
			runOnlyForDeploymentPostprocessing = 0;
		};
/* End PBXFrameworksBuildPhase section */

/* Begin PBXGroup section */
		3971AC11271912DF006DBE05 = {
			isa = PBXGroup;
			children = (
				3971AC1C271912E0006DBE05 /* QRScannerTest */,
				3971AC1B271912E0006DBE05 /* Products */,
				8BF8E3177011D3D6A88F84CA /* Pods */,
				7C317813FEE32869E7EB844E /* Frameworks */,
			);
			sourceTree = "<group>";
		};
		3971AC1B271912E0006DBE05 /* Products */ = {
			isa = PBXGroup;
			children = (
				3971AC1A271912E0006DBE05 /* QRScannerTest.app */,
			);
			name = Products;
			sourceTree = "<group>";
		};
		3971AC1C271912E0006DBE05 /* QRScannerTest */ = {
			isa = PBXGroup;
			children = (
				3971AC1D271912E0006DBE05 /* AppDelegate.swift */,
				3971AC1F271912E0006DBE05 /* SceneDelegate.swift */,
				3971AC21271912E0006DBE05 /* ViewController.swift */,
				3971AC23271912E0006DBE05 /* Main.storyboard */,
				3971AC26271912E3006DBE05 /* Assets.xcassets */,
				3971AC28271912E3006DBE05 /* LaunchScreen.storyboard */,
				3971AC2B271912E3006DBE05 /* Info.plist */,
			);
			path = QRScannerTest;
			sourceTree = "<group>";
		};
		7C317813FEE32869E7EB844E /* Frameworks */ = {
			isa = PBXGroup;
			children = (
				71C58533477259BC6E0552DD /* Pods_QRScannerTest.framework */,
			);
			name = Frameworks;
			sourceTree = "<group>";
		};
		8BF8E3177011D3D6A88F84CA /* Pods */ = {
			isa = PBXGroup;
			children = (
				E1EF12EDEBE706D4A38163AB /* Pods-QRScannerTest.debug.xcconfig */,
				A82E2C7F4FE212F14E0A8A32 /* Pods-QRScannerTest.release.xcconfig */,
			);
			path = Pods;
			sourceTree = "<group>";
		};
/* End PBXGroup section */

/* Begin PBXNativeTarget section */
		3971AC19271912E0006DBE05 /* QRScannerTest */ = {
			isa = PBXNativeTarget;
			buildConfigurationList = 3971AC2E271912E3006DBE05 /* Build configuration list for PBXNativeTarget "QRScannerTest" */;
			buildPhases = (
				49FB0CFBAB36CA71C8DB767D /* [CP] Check Pods Manifest.lock */,
				3971AC16271912E0006DBE05 /* Sources */,
				3971AC17271912E0006DBE05 /* Frameworks */,
				3971AC18271912E0006DBE05 /* Resources */,
				9A0CC3F478530CB62141019B /* [CP] Embed Pods Frameworks */,
			);
			buildRules = (
			);
			dependencies = (
			);
			name = QRScannerTest;
			productName = QRScannerTest;
			productReference = 3971AC1A271912E0006DBE05 /* QRScannerTest.app */;
			productType = "com.apple.product-type.application";
		};
/* End PBXNativeTarget section */

/* Begin PBXProject section */
		3971AC12271912DF006DBE05 /* Project object */ = {
			isa = PBXProject;
			attributes = {
				LastSwiftUpdateCheck = 1250;
				LastUpgradeCheck = 1250;
				TargetAttributes = {
					3971AC19271912E0006DBE05 = {
						CreatedOnToolsVersion = 12.5.1;
					};
				};
			};
			buildConfigurationList = 3971AC15271912DF006DBE05 /* Build configuration list for PBXProject "QRScannerTest" */;
			compatibilityVersion = "Xcode 9.3";
			developmentRegion = en;
			hasScannedForEncodings = 0;
			knownRegions = (
				en,
				Base,
			);
			mainGroup = 3971AC11271912DF006DBE05;
			productRefGroup = 3971AC1B271912E0006DBE05 /* Products */;
			projectDirPath = "";
			projectRoot = "";
			targets = (
				3971AC19271912E0006DBE05 /* QRScannerTest */,
			);
		};
/* End PBXProject section */

/* Begin PBXResourcesBuildPhase section */
		3971AC18271912E0006DBE05 /* Resources */ = {
			isa = PBXResourcesBuildPhase;
			buildActionMask = 2147483647;
			files = (
				3971AC2A271912E3006DBE05 /* LaunchScreen.storyboard in Resources */,
				3971AC27271912E3006DBE05 /* Assets.xcassets in Resources */,
				3971AC25271912E0006DBE05 /* Main.storyboard in Resources */,
			);
			runOnlyForDeploymentPostprocessing = 0;
		};
/* End PBXResourcesBuildPhase section */

/* Begin PBXShellScriptBuildPhase section */
		49FB0CFBAB36CA71C8DB767D /* [CP] Check Pods Manifest.lock */ = {
			isa = PBXShellScriptBuildPhase;
			buildActionMask = 2147483647;
			files = (
			);
			inputFileListPaths = (
			);
			inputPaths = (
				"${PODS_PODFILE_DIR_PATH}/Podfile.lock",
				"${PODS_ROOT}/Manifest.lock",
			);
			name = "[CP] Check Pods Manifest.lock";
			outputFileListPaths = (
			);
			outputPaths = (
				"$(DERIVED_FILE_DIR)/Pods-QRScannerTest-checkManifestLockResult.txt",
			);
			runOnlyForDeploymentPostprocessing = 0;
			shellPath = /bin/sh;
			shellScript = "diff \"${PODS_PODFILE_DIR_PATH}/Podfile.lock\" \"${PODS_ROOT}/Manifest.lock\" > /dev/null\nif [ $? != 0 ] ; then\n    # print error to STDERR\n    echo \"error: The sandbox is not in sync with the Podfile.lock. Run 'pod install' or update your CocoaPods installation.\" >&2\n    exit 1\nfi\n# This output is used by Xcode 'outputs' to avoid re-running this script phase.\necho \"SUCCESS\" > \"${SCRIPT_OUTPUT_FILE_0}\"\n";
			showEnvVarsInLog = 0;
		};
		9A0CC3F478530CB62141019B /* [CP] Embed Pods Frameworks */ = {
			isa = PBXShellScriptBuildPhase;
			buildActionMask = 2147483647;
			files = (
			);
			inputFileListPaths = (
				"${PODS_ROOT}/Target Support Files/Pods-QRScannerTest/Pods-QRScannerTest-frameworks-${CONFIGURATION}-input-files.xcfilelist",
			);
			name = "[CP] Embed Pods Frameworks";
			outputFileListPaths = (
				"${PODS_ROOT}/Target Support Files/Pods-QRScannerTest/Pods-QRScannerTest-frameworks-${CONFIGURATION}-output-files.xcfilelist",
			);
			runOnlyForDeploymentPostprocessing = 0;
			shellPath = /bin/sh;
			shellScript = "\"${PODS_ROOT}/Target Support Files/Pods-QRScannerTest/Pods-QRScannerTest-frameworks.sh\"\n";
			showEnvVarsInLog = 0;
		};
/* End PBXShellScriptBuildPhase section */

/* Begin PBXSourcesBuildPhase section */
		3971AC16271912E0006DBE05 /* Sources */ = {
			isa = PBXSourcesBuildPhase;
			buildActionMask = 2147483647;
			files = (
				3971AC22271912E0006DBE05 /* ViewController.swift in Sources */,
				3971AC1E271912E0006DBE05 /* AppDelegate.swift in Sources */,
				3971AC20271912E0006DBE05 /* SceneDelegate.swift in Sources */,
			);
			runOnlyForDeploymentPostprocessing = 0;
		};
/* End PBXSourcesBuildPhase section */

/* Begin PBXVariantGroup section */
		3971AC23271912E0006DBE05 /* Main.storyboard */ = {
			isa = PBXVariantGroup;
			children = (
				3971AC24271912E0006DBE05 /* Base */,
			);
			name = Main.storyboard;
			sourceTree = "<group>";
		};
		3971AC28271912E3006DBE05 /* LaunchScreen.storyboard */ = {
			isa = PBXVariantGroup;
			children = (
				3971AC29271912E3006DBE05 /* Base */,
			);
			name = LaunchScreen.storyboard;
			sourceTree = "<group>";
		};
/* End PBXVariantGroup section */

/* Begin XCBuildConfiguration section */
		3971AC2C271912E3006DBE05 /* Debug */ = {
			isa = XCBuildConfiguration;
			buildSettings = {
				ALWAYS_SEARCH_USER_PATHS = NO;
				CLANG_ANALYZER_NONNULL = YES;
				CLANG_ANALYZER_NUMBER_OBJECT_CONVERSION = YES_AGGRESSIVE;
				CLANG_CXX_LANGUAGE_STANDARD = "gnu++14";
				CLANG_CXX_LIBRARY = "libc++";
				CLANG_ENABLE_MODULES = YES;
				CLANG_ENABLE_OBJC_ARC = YES;
				CLANG_ENABLE_OBJC_WEAK = YES;
				CLANG_WARN_BLOCK_CAPTURE_AUTORELEASING = YES;
				CLANG_WARN_BOOL_CONVERSION = YES;
				CLANG_WARN_COMMA = YES;
				CLANG_WARN_CONSTANT_CONVERSION = YES;
				CLANG_WARN_DEPRECATED_OBJC_IMPLEMENTATIONS = YES;
				CLANG_WARN_DIRECT_OBJC_ISA_USAGE = YES_ERROR;
				CLANG_WARN_DOCUMENTATION_COMMENTS = YES;
				CLANG_WARN_EMPTY_BODY = YES;
				CLANG_WARN_ENUM_CONVERSION = YES;
				CLANG_WARN_INFINITE_RECURSION = YES;
				CLANG_WARN_INT_CONVERSION = YES;
				CLANG_WARN_NON_LITERAL_NULL_CONVERSION = YES;
				CLANG_WARN_OBJC_IMPLICIT_RETAIN_SELF = YES;
				CLANG_WARN_OBJC_LITERAL_CONVERSION = YES;
				CLANG_WARN_OBJC_ROOT_CLASS = YES_ERROR;
				CLANG_WARN_QUOTED_INCLUDE_IN_FRAMEWORK_HEADER = YES;
				CLANG_WARN_RANGE_LOOP_ANALYSIS = YES;
				CLANG_WARN_STRICT_PROTOTYPES = YES;
				CLANG_WARN_SUSPICIOUS_MOVE = YES;
				CLANG_WARN_UNGUARDED_AVAILABILITY = YES_AGGRESSIVE;
				CLANG_WARN_UNREACHABLE_CODE = YES;
				CLANG_WARN__DUPLICATE_METHOD_MATCH = YES;
				COPY_PHASE_STRIP = NO;
				DEBUG_INFORMATION_FORMAT = dwarf;
				ENABLE_STRICT_OBJC_MSGSEND = YES;
				ENABLE_TESTABILITY = YES;
				GCC_C_LANGUAGE_STANDARD = gnu11;
				GCC_DYNAMIC_NO_PIC = NO;
				GCC_NO_COMMON_BLOCKS = YES;
				GCC_OPTIMIZATION_LEVEL = 0;
				GCC_PREPROCESSOR_DEFINITIONS = (
					"DEBUG=1",
					"$(inherited)",
				);
				GCC_WARN_64_TO_32_BIT_CONVERSION = YES;
				GCC_WARN_ABOUT_RETURN_TYPE = YES_ERROR;
				GCC_WARN_UNDECLARED_SELECTOR = YES;
				GCC_WARN_UNINITIALIZED_AUTOS = YES_AGGRESSIVE;
				GCC_WARN_UNUSED_FUNCTION = YES;
				GCC_WARN_UNUSED_VARIABLE = YES;
				IPHONEOS_DEPLOYMENT_TARGET = 14.5;
				MTL_ENABLE_DEBUG_INFO = INCLUDE_SOURCE;
				MTL_FAST_MATH = YES;
				ONLY_ACTIVE_ARCH = YES;
				SDKROOT = iphoneos;
				SWIFT_ACTIVE_COMPILATION_CONDITIONS = DEBUG;
				SWIFT_OPTIMIZATION_LEVEL = "-Onone";
			};
			name = Debug;
		};
		3971AC2D271912E3006DBE05 /* Release */ = {
			isa = XCBuildConfiguration;
			buildSettings = {
				ALWAYS_SEARCH_USER_PATHS = NO;
				CLANG_ANALYZER_NONNULL = YES;
				CLANG_ANALYZER_NUMBER_OBJECT_CONVERSION = YES_AGGRESSIVE;
				CLANG_CXX_LANGUAGE_STANDARD = "gnu++14";
				CLANG_CXX_LIBRARY = "libc++";
				CLANG_ENABLE_MODULES = YES;
				CLANG_ENABLE_OBJC_ARC = YES;
				CLANG_ENABLE_OBJC_WEAK = YES;
				CLANG_WARN_BLOCK_CAPTURE_AUTORELEASING = YES;
				CLANG_WARN_BOOL_CONVERSION = YES;
				CLANG_WARN_COMMA = YES;
				CLANG_WARN_CONSTANT_CONVERSION = YES;
				CLANG_WARN_DEPRECATED_OBJC_IMPLEMENTATIONS = YES;
				CLANG_WARN_DIRECT_OBJC_ISA_USAGE = YES_ERROR;
				CLANG_WARN_DOCUMENTATION_COMMENTS = YES;
				CLANG_WARN_EMPTY_BODY = YES;
				CLANG_WARN_ENUM_CONVERSION = YES;
				CLANG_WARN_INFINITE_RECURSION = YES;
				CLANG_WARN_INT_CONVERSION = YES;
				CLANG_WARN_NON_LITERAL_NULL_CONVERSION = YES;
				CLANG_WARN_OBJC_IMPLICIT_RETAIN_SELF = YES;
				CLANG_WARN_OBJC_LITERAL_CONVERSION = YES;
				CLANG_WARN_OBJC_ROOT_CLASS = YES_ERROR;
				CLANG_WARN_QUOTED_INCLUDE_IN_FRAMEWORK_HEADER = YES;
				CLANG_WARN_RANGE_LOOP_ANALYSIS = YES;
				CLANG_WARN_STRICT_PROTOTYPES = YES;
				CLANG_WARN_SUSPICIOUS_MOVE = YES;
				CLANG_WARN_UNGUARDED_AVAILABILITY = YES_AGGRESSIVE;
				CLANG_WARN_UNREACHABLE_CODE = YES;
				CLANG_WARN__DUPLICATE_METHOD_MATCH = YES;
				COPY_PHASE_STRIP = NO;
				DEBUG_INFORMATION_FORMAT = "dwarf-with-dsym";
				ENABLE_NS_ASSERTIONS = NO;
				ENABLE_STRICT_OBJC_MSGSEND = YES;
				GCC_C_LANGUAGE_STANDARD = gnu11;
				GCC_NO_COMMON_BLOCKS = YES;
				GCC_WARN_64_TO_32_BIT_CONVERSION = YES;
				GCC_WARN_ABOUT_RETURN_TYPE = YES_ERROR;
				GCC_WARN_UNDECLARED_SELECTOR = YES;
				GCC_WARN_UNINITIALIZED_AUTOS = YES_AGGRESSIVE;
				GCC_WARN_UNUSED_FUNCTION = YES;
				GCC_WARN_UNUSED_VARIABLE = YES;
				IPHONEOS_DEPLOYMENT_TARGET = 14.5;
				MTL_ENABLE_DEBUG_INFO = NO;
				MTL_FAST_MATH = YES;
				SDKROOT = iphoneos;
				SWIFT_COMPILATION_MODE = wholemodule;
				SWIFT_OPTIMIZATION_LEVEL = "-O";
				VALIDATE_PRODUCT = YES;
			};
			name = Release;
		};
		3971AC2F271912E3006DBE05 /* Debug */ = {
			isa = XCBuildConfiguration;
			baseConfigurationReference = E1EF12EDEBE706D4A38163AB /* Pods-QRScannerTest.debug.xcconfig */;
			buildSettings = {
				ASSETCATALOG_COMPILER_APPICON_NAME = AppIcon;
				ASSETCATALOG_COMPILER_GLOBAL_ACCENT_COLOR_NAME = AccentColor;
				CODE_SIGN_STYLE = Automatic;
				DEVELOPMENT_TEAM = P5A4NBG7AB;
				EXCLUDED_ARCHS = arm64;
				"EXCLUDED_ARCHS[sdk=iphonesimulator*]" = arm64;
				INFOPLIST_FILE = QRScannerTest/Info.plist;
				LD_RUNPATH_SEARCH_PATHS = (
					"$(inherited)",
					"@executable_path/Frameworks",
				);
				ONLY_ACTIVE_ARCH = NO;
				PRODUCT_BUNDLE_IDENTIFIER = kr.go.womansup.2021.chmk.QRScannerTest;
				PRODUCT_NAME = "$(TARGET_NAME)";
				SWIFT_VERSION = 5.0;
				TARGETED_DEVICE_FAMILY = 1;
			};
			name = Debug;
		};
		3971AC30271912E3006DBE05 /* Release */ = {
			isa = XCBuildConfiguration;
			baseConfigurationReference = A82E2C7F4FE212F14E0A8A32 /* Pods-QRScannerTest.release.xcconfig */;
			buildSettings = {
				ASSETCATALOG_COMPILER_APPICON_NAME = AppIcon;
				ASSETCATALOG_COMPILER_GLOBAL_ACCENT_COLOR_NAME = AccentColor;
				CODE_SIGN_STYLE = Automatic;
				DEVELOPMENT_TEAM = P5A4NBG7AB;
				EXCLUDED_ARCHS = arm64;
				"EXCLUDED_ARCHS[sdk=iphonesimulator*]" = arm64;
				INFOPLIST_FILE = QRScannerTest/Info.plist;
				LD_RUNPATH_SEARCH_PATHS = (
					"$(inherited)",
					"@executable_path/Frameworks",
				);
				ONLY_ACTIVE_ARCH = NO;
				PRODUCT_BUNDLE_IDENTIFIER = kr.go.womansup.2021.chmk.QRScannerTest;
				PRODUCT_NAME = "$(TARGET_NAME)";
				SWIFT_VERSION = 5.0;
				TARGETED_DEVICE_FAMILY = 1;
			};
			name = Release;
		};
/* End XCBuildConfiguration section */

/* Begin XCConfigurationList section */
		3971AC15271912DF006DBE05 /* Build configuration list for PBXProject "QRScannerTest" */ = {
			isa = XCConfigurationList;
			buildConfigurations = (
				3971AC2C271912E3006DBE05 /* Debug */,
				3971AC2D271912E3006DBE05 /* Release */,
			);
			defaultConfigurationIsVisible = 0;
			defaultConfigurationName = Release;
		};
		3971AC2E271912E3006DBE05 /* Build configuration list for PBXNativeTarget "QRScannerTest" */ = {
			isa = XCConfigurationList;
			buildConfigurations = (
				3971AC2F271912E3006DBE05 /* Debug */,
				3971AC30271912E3006DBE05 /* Release */,
			);
			defaultConfigurationIsVisible = 0;
			defaultConfigurationName = Release;
		};
/* End XCConfigurationList section */
	};
	rootObject = 3971AC12271912DF006DBE05 /* Project object */;
}
